
Microsoft Visual Studio Solution File, Format Version 11.00
# Visual Studio 2010
Project("{FAE04EC0-301F-11D3-BF4B-00C04F79EFBC}") = "LD 39", "Assembly-CSharp-firstpass.csproj", "{7DBF0169-7ECD-E188-C8E7-5BC3D7FA0F53}"
EndProject
Project("{FAE04EC0-301F-11D3-BF4B-00C04F79EFBC}") = "LD 39", "Assembly-CSharp.csproj", "{F361B1B3-3717-B9EE-D7F5-143B7B04FA76}"
EndProject
Global
	GlobalSection(SolutionConfigurationPlatforms) = preSolution
		Debug|Any CPU = Debug|Any CPU
		Release|Any CPU = Release|Any CPU
	EndGlobalSection
	GlobalSection(ProjectConfigurationPlatforms) = postSolution
		{7DBF0169-7ECD-E188-C8E7-5BC3D7FA0F53}.Debug|Any CPU.ActiveCfg = Debug|Any CPU
		{7DBF0169-7ECD-E188-C8E7-5BC3D7FA0F53}.Debug|Any CPU.Build.0 = Debug|Any CPU
		{7DBF0169-7ECD-E188-C8E7-5BC3D7FA0F53}.Release|Any CPU.ActiveCfg = Release|Any CPU
		{7DBF0169-7ECD-E188-C8E7-5BC3D7FA0F53}.Release|Any CPU.Build.0 = Release|Any CPU
		{F361B1B3-3717-B9EE-D7F5-143B7B04FA76}.Debug|Any CPU.ActiveCfg = Debug|Any CPU
		{F361B1B3-3717-B9EE-D7F5-143B7B04FA76}.Debug|Any CPU.Build.0 = Debug|Any CPU
		{F361B1B3-3717-B9EE-D7F5-143B7B04FA76}.Release|Any CPU.ActiveCfg = Release|Any CPU
		{F361B1B3-3717-B9EE-D7F5-143B7B04FA76}.Release|Any CPU.Build.0 = Release|Any CPU
	EndGlobalSection
	GlobalSection(SolutionProperties) = preSolution
		HideSolutionNode = FALSE
	EndGlobalSection
	GlobalSection(MonoDevelopProperties) = preSolution
		StartupItem = Assembly-CSharp.csproj
	EndGlobalSection
EndGlobal
